
Microsoft Visual Studio Solution File, Format Version 12.00
# Visual Studio 15
VisualStudioVersion = 15.0.26430.14
MinimumVisualStudioVersion = 10.0.40219.1
Project("{2150E333-8FDC-42A3-9474-1A3956D46DE8}") = "Solution Items", "Solution Items", "{54542A73-C3CC-4BDF-95A8-ACB4A87047C7}"
	ProjectSection(SolutionItems) = preProject
		.gitattributes = .gitattributes
		.gitignore = .gitignore
		appveyor.yml = appveyor.yml
		codecov.yml = codecov.yml
		global.json = global.json
		LICENSE = LICENSE
		README.md = README.md
	EndProjectSection
EndProject
Project("{2150E333-8FDC-42A3-9474-1A3956D46DE8}") = "Test", "Test", "{7AC58B8F-B179-4CB5-B255-77B99CF87542}"
EndProject
Project("{2150E333-8FDC-42A3-9474-1A3956D46DE8}") = "Build", "Build", "{19ACDC5A-C4CA-4CE6-AEA0-3CC18CEF92F4}"
	ProjectSection(SolutionItems) = preProject
		build\build.ps1 = build\build.ps1
		build\cover.ps1 = build\cover.ps1
		build\coverlocal.ps1 = build\coverlocal.ps1
		build\test.ps1 = build\test.ps1
	EndProjectSection
EndProject
Project("{9A19103F-16F7-4668-BE54-9A1E7A4F7556}") = "ProGet.Net", "src\ProGet.Net\ProGet.Net.csproj", "{2B6FD716-483B-4D1E-AEFC-89924558AEFB}"
EndProject
Project("{9A19103F-16F7-4668-BE54-9A1E7A4F7556}") = "ProGet.Net.Tests", "Test\ProGet.Net.Tests\ProGet.Net.Tests.csproj", "{B9EFF8EF-45D7-4431-90DD-8A6872AA6318}"
EndProject
Global
	GlobalSection(SolutionConfigurationPlatforms) = preSolution
		Debug|Any CPU = Debug|Any CPU
		Release|Any CPU = Release|Any CPU
	EndGlobalSection
	GlobalSection(ProjectConfigurationPlatforms) = postSolution
		{2B6FD716-483B-4D1E-AEFC-89924558AEFB}.Debug|Any CPU.ActiveCfg = Debug|Any CPU
		{2B6FD716-483B-4D1E-AEFC-89924558AEFB}.Debug|Any CPU.Build.0 = Debug|Any CPU
		{2B6FD716-483B-4D1E-AEFC-89924558AEFB}.Release|Any CPU.ActiveCfg = Release|Any CPU
		{2B6FD716-483B-4D1E-AEFC-89924558AEFB}.Release|Any CPU.Build.0 = Release|Any CPU
		{B9EFF8EF-45D7-4431-90DD-8A6872AA6318}.Debug|Any CPU.ActiveCfg = Debug|Any CPU
		{B9EFF8EF-45D7-4431-90DD-8A6872AA6318}.Debug|Any CPU.Build.0 = Debug|Any CPU
		{B9EFF8EF-45D7-4431-90DD-8A6872AA6318}.Release|Any CPU.ActiveCfg = Release|Any CPU
	EndGlobalSection
	GlobalSection(SolutionProperties) = preSolution
		HideSolutionNode = FALSE
	EndGlobalSection
	GlobalSection(NestedProjects) = preSolution
		{B9EFF8EF-45D7-4431-90DD-8A6872AA6318} = {7AC58B8F-B179-4CB5-B255-77B99CF87542}
	EndGlobalSection
	GlobalSection(ExtensibilityGlobals) = postSolution
		SolutionGuid = {620CF6A4-61CE-4430-8D35-9A3EC2644054}
	EndGlobalSection
EndGlobal
